<?xml version="1.0" encoding="utf-8"?>
<Project ToolsVersion="4.0" xmlns="http://schemas.microsoft.com/developer/msbuild/2003">
  <ItemGroup>
    <Filter Include="include">
      <UniqueIdentifier>{8a626c3a-5063-4d40-9761-aabaebc7b33b}</UniqueIdentifier>
    </Filter>
    <Filter Include="src">
      <UniqueIdentifier>{8fe394e2-f46a-49ab-8455-fd07458dd1bf}</UniqueIdentifier>
    </Filter>
    <Filter Include="src\imgui">
      <UniqueIdentifier>{aec4c0fc-0fdd-4b63-a597-527ed9d7d976}</UniqueIdentifier>
    </Filter>
    <Filter Include="include\object">
      <UniqueIdentifier>{dbfcb107-8ae5-4602-8888-439eab0d7b97}</UniqueIdentifier>
    </Filter>
    <Filter Include="src\object">
      <UniqueIdentifier>{42422ca9-b4c4-4cc1-9967-4092d4a9d3fc}</UniqueIdentifier>
    </Filter>
    <Filter Include="include\imgui">
      <UniqueIdentifier>{20b24c74-0473-45c0-9eab-5131819ba5c5}</UniqueIdentifier>
    </Filter>
  </ItemGroup>
  <ItemGroup>
    <ClInclude Include="..\..\lib\ElfGraphics\include\egfx\window_type.h">
      <Filter>include</Filter>
    </ClInclude>
    <ClInclude Include="..\..\lib\ElfGraphics\include\egfx\module.h">
      <Filter>include</Filter>
    </ClInclude>
    <ClInclude Include="..\..\lib\ElfGraphics\include\egfx\mesh_definition.h">
      <Filter>include</Filter>
    </ClInclude>
    <ClInclude Include="..\..\lib\ElfGraphics\src\module.h">
      <Filter>src</Filter>
    </ClInclude>
    <ClInclude Include="..\..\lib\ElfGraphics\src\scene.h">
      <Filter>src</Filter>
    </ClInclude>
    <ClInclude Include="..\..\lib\ElfGraphics\include\egfx\scene.h">
      <Filter>include</Filter>
    </ClInclude>
    <ClInclude Include="..\..\lib\ElfGraphics\include\egfx\scene.fwd.h">
      <Filter>include</Filter>
    </ClInclude>
    <ClInclude Include="..\..\lib\ElfGraphics\include\egfx\window.h">
      <Filter>include</Filter>
    </ClInclude>
    <ClInclude Include="..\..\lib\ElfGraphics\src\window.h">
      <Filter>src</Filter>
    </ClInclude>
    <ClInclude Include="..\..\lib\ElfGraphics\include\egfx\color.h">
      <Filter>include</Filter>
    </ClInclude>
    <ClInclude Include="..\..\lib\ElfGraphics\src\ogre_conversion.h">
      <Filter>src</Filter>
    </ClInclude>
    <ClInclude Include="..\..\lib\ElfGraphics\include\egfx\mesh_definition.fwd.h">
      <Filter>include</Filter>
    </ClInclude>
    <ClInclude Include="..\..\lib\ElfGraphics\src\mesh_definition.h">
      <Filter>src</Filter>
    </ClInclude>
    <ClInclude Include="..\..\lib\ElfGraphics\src\imgui\renderer.h">
      <Filter>src\imgui</Filter>
    </ClInclude>
    <ClInclude Include="..\..\lib\ElfGraphics\src\imgui\d3d11_renderer.h">
      <Filter>src\imgui</Filter>
    </ClInclude>
    <ClInclude Include="..\..\lib\ElfGraphics\src\imgui\system.h">
      <Filter>src\imgui</Filter>
    </ClInclude>
    <ClInclude Include="..\..\lib\ElfGraphics\src\compositor.h">
      <Filter>src</Filter>
    </ClInclude>
    <ClInclude Include="..\..\lib\ElfGraphics\include\egfx\object\camera.h">
      <Filter>include\object</Filter>
    </ClInclude>
    <ClInclude Include="..\..\lib\ElfGraphics\include\egfx\object\camera.fwd.h">
      <Filter>include\object</Filter>
    </ClInclude>
    <ClInclude Include="..\..\lib\ElfGraphics\src\object\camera.h">
      <Filter>src\object</Filter>
    </ClInclude>
    <ClInclude Include="..\..\lib\ElfGraphics\src\ogre_boost_conversion.h">
      <Filter>src</Filter>
    </ClInclude>
    <ClInclude Include="..\..\lib\ElfGraphics\include\egfx\immediate.h">
      <Filter>include</Filter>
    </ClInclude>
    <ClInclude Include="..\..\lib\ElfGraphics\include\egfx\imgui\texture.h">
      <Filter>include\imgui</Filter>
    </ClInclude>
    <ClInclude Include="..\..\lib\ElfGraphics\include\egfx\material.h">
      <Filter>include</Filter>
    </ClInclude>
    <ClInclude Include="..\..\lib\ElfGraphics\src\material.h">
      <Filter>src</Filter>
    </ClInclude>
    <ClInclude Include="..\..\lib\ElfGraphics\include\egfx\node.h">
      <Filter>include</Filter>
    </ClInclude>
    <ClInclude Include="..\..\lib\ElfGraphics\include\egfx\node.fwd.h">
      <Filter>include</Filter>
    </ClInclude>
    <ClInclude Include="..\..\lib\ElfGraphics\src\node.h">
      <Filter>src</Filter>
    </ClInclude>
    <ClInclude Include="..\..\lib\ElfGraphics\include\egfx\object\light.fwd.h">
      <Filter>include\object</Filter>
    </ClInclude>
    <ClInclude Include="..\..\lib\ElfGraphics\include\egfx\object\light.h">
      <Filter>include\object</Filter>
    </ClInclude>
    <ClInclude Include="..\..\lib\ElfGraphics\include\egfx\object\mesh.fwd.h">
      <Filter>include\object</Filter>
    </ClInclude>
    <ClInclude Include="..\..\lib\ElfGraphics\include\egfx\object\mesh.h">
      <Filter>include\object</Filter>
    </ClInclude>
    <ClInclude Include="..\..\lib\ElfGraphics\include\egfx\object\object.fwd.h">
      <Filter>include\object</Filter>
    </ClInclude>
    <ClInclude Include="..\..\lib\ElfGraphics\include\egfx\object\object.h">
      <Filter>include\object</Filter>
    </ClInclude>
    <ClInclude Include="..\..\lib\ElfGraphics\src\object\light.h">
      <Filter>src\object</Filter>
    </ClInclude>
    <ClInclude Include="..\..\lib\ElfGraphics\src\object\mesh.h">
      <Filter>src\object</Filter>
    </ClInclude>
    <ClInclude Include="..\..\lib\ElfGraphics\src\object\object.h">
      <Filter>src\object</Filter>
    </ClInclude>
  </ItemGroup>
  <ItemGroup>
    <ClCompile Include="..\..\lib\ElfGraphics\src\module.cpp">
      <Filter>src</Filter>
    </ClCompile>
    <ClCompile Include="..\..\lib\ElfGraphics\src\mesh_definition.cpp">
      <Filter>src</Filter>
    </ClCompile>
    <ClCompile Include="..\..\lib\ElfGraphics\src\window.cpp">
      <Filter>src</Filter>
    </ClCompile>
    <ClCompile Include="..\..\lib\ElfGraphics\src\imgui\d3d11_renderer.cpp">
      <Filter>src\imgui</Filter>
    </ClCompile>
    <ClCompile Include="..\..\lib\ElfGraphics\src\imgui\system.cpp">
      <Filter>src\imgui</Filter>
    </ClCompile>
    <ClCompile Include="..\..\lib\ElfGraphics\src\imgui\renderer.cpp">
      <Filter>src\imgui</Filter>
    </ClCompile>
    <ClCompile Include="..\..\lib\ElfGraphics\src\compositor.cpp">
      <Filter>src</Filter>
    </ClCompile>
    <ClCompile Include="..\..\lib\ElfGraphics\src\scene.cpp">
      <Filter>src</Filter>
    </ClCompile>
    <ClCompile Include="..\..\lib\ElfGraphics\src\object\camera.cpp">
      <Filter>src\object</Filter>
    </ClCompile>
    <ClCompile Include="..\..\lib\ElfGraphics\src\immediate.cpp">
      <Filter>src</Filter>
    </ClCompile>
    <ClCompile Include="..\..\lib\ElfGraphics\src\imgui\texture.cpp">
      <Filter>src\imgui</Filter>
    </ClCompile>
    <ClCompile Include="..\..\lib\ElfGraphics\src\material.cpp">
      <Filter>src</Filter>
    </ClCompile>
    <ClCompile Include="..\..\lib\ElfGraphics\src\node.cpp">
      <Filter>src</Filter>
    </ClCompile>
    <ClCompile Include="..\..\lib\ElfGraphics\src\object\light.cpp">
      <Filter>src\object</Filter>
    </ClCompile>
    <ClCompile Include="..\..\lib\ElfGraphics\src\object\mesh.cpp">
      <Filter>src\object</Filter>
    </ClCompile>
    <ClCompile Include="..\..\lib\ElfGraphics\src\object\object.cpp">
      <Filter>src\object</Filter>
    </ClCompile>
  </ItemGroup>
</Project>