<?xml version="1.0" encoding="utf-8"?>
<Project ToolsVersion="4.0" xmlns="http://schemas.microsoft.com/developer/msbuild/2003">
  <ItemGroup>
    <Filter Include="include">
      <UniqueIdentifier>{8a626c3a-5063-4d40-9761-aabaebc7b33b}</UniqueIdentifier>
    </Filter>
    <Filter Include="src">
      <UniqueIdentifier>{8fe394e2-f46a-49ab-8455-fd07458dd1bf}</UniqueIdentifier>
    </Filter>
    <Filter Include="include\node">
      <UniqueIdentifier>{32c4a126-8bd5-4554-b7ab-3401ccf274c6}</UniqueIdentifier>
    </Filter>
    <Filter Include="src\node">
      <UniqueIdentifier>{57896196-5bfb-410f-8703-77280e0f68ae}</UniqueIdentifier>
    </Filter>
    <Filter Include="include\overlay">
      <UniqueIdentifier>{9710f059-6b7d-47b1-beb5-8eb428f1e559}</UniqueIdentifier>
    </Filter>
    <Filter Include="src\overlay">
      <UniqueIdentifier>{64a90bcf-899e-40ef-a665-e124d882f003}</UniqueIdentifier>
    </Filter>
    <Filter Include="src\imgui">
      <UniqueIdentifier>{aec4c0fc-0fdd-4b63-a597-527ed9d7d976}</UniqueIdentifier>
    </Filter>
  </ItemGroup>
  <ItemGroup>
    <ClInclude Include="..\..\lib\ElfGraphics\include\egfx\window_type.h">
      <Filter>include</Filter>
    </ClInclude>
    <ClInclude Include="..\..\lib\ElfGraphics\include\egfx\module.h">
      <Filter>include</Filter>
    </ClInclude>
    <ClInclude Include="..\..\lib\ElfGraphics\include\egfx\mesh_definition.h">
      <Filter>include</Filter>
    </ClInclude>
    <ClInclude Include="..\..\lib\ElfGraphics\src\module.h">
      <Filter>src</Filter>
    </ClInclude>
    <ClInclude Include="..\..\lib\ElfGraphics\src\scene.h">
      <Filter>src</Filter>
    </ClInclude>
    <ClInclude Include="..\..\lib\ElfGraphics\include\egfx\scene.h">
      <Filter>include</Filter>
    </ClInclude>
    <ClInclude Include="..\..\lib\ElfGraphics\include\egfx\scene.fwd.h">
      <Filter>include</Filter>
    </ClInclude>
    <ClInclude Include="..\..\lib\ElfGraphics\include\egfx\camera.h">
      <Filter>include</Filter>
    </ClInclude>
    <ClInclude Include="..\..\lib\ElfGraphics\include\egfx\node\light.h">
      <Filter>include\node</Filter>
    </ClInclude>
    <ClInclude Include="..\..\lib\ElfGraphics\include\egfx\node\light.fwd.h">
      <Filter>include\node</Filter>
    </ClInclude>
    <ClInclude Include="..\..\lib\ElfGraphics\src\node\light.h">
      <Filter>src\node</Filter>
    </ClInclude>
    <ClInclude Include="..\..\lib\ElfGraphics\include\egfx\node\object.fwd.h">
      <Filter>include\node</Filter>
    </ClInclude>
    <ClInclude Include="..\..\lib\ElfGraphics\include\egfx\node\object.h">
      <Filter>include\node</Filter>
    </ClInclude>
    <ClInclude Include="..\..\lib\ElfGraphics\src\node\object.h">
      <Filter>src\node</Filter>
    </ClInclude>
    <ClInclude Include="..\..\lib\ElfGraphics\src\camera.h">
      <Filter>src</Filter>
    </ClInclude>
    <ClInclude Include="..\..\lib\ElfGraphics\include\egfx\window.h">
      <Filter>include</Filter>
    </ClInclude>
    <ClInclude Include="..\..\lib\ElfGraphics\src\window.h">
      <Filter>src</Filter>
    </ClInclude>
    <ClInclude Include="..\..\lib\ElfGraphics\include\egfx\overlay\element.h">
      <Filter>include\overlay</Filter>
    </ClInclude>
    <ClInclude Include="..\..\lib\ElfGraphics\src\overlay\element.h">
      <Filter>src\overlay</Filter>
    </ClInclude>
    <ClInclude Include="..\..\lib\ElfGraphics\src\overlay\text.h">
      <Filter>src\overlay</Filter>
    </ClInclude>
    <ClInclude Include="..\..\lib\ElfGraphics\include\egfx\overlay\text.h">
      <Filter>include\overlay</Filter>
    </ClInclude>
    <ClInclude Include="..\..\lib\ElfGraphics\include\egfx\color.h">
      <Filter>include</Filter>
    </ClInclude>
    <ClInclude Include="..\..\lib\ElfGraphics\include\egfx\overlay\container.h">
      <Filter>include\overlay</Filter>
    </ClInclude>
    <ClInclude Include="..\..\lib\ElfGraphics\include\egfx\overlay\surface.h">
      <Filter>include\overlay</Filter>
    </ClInclude>
    <ClInclude Include="..\..\lib\ElfGraphics\include\egfx\overlay\panel.h">
      <Filter>include\overlay</Filter>
    </ClInclude>
    <ClInclude Include="..\..\lib\ElfGraphics\src\overlay\container.h">
      <Filter>src\overlay</Filter>
    </ClInclude>
    <ClInclude Include="..\..\lib\ElfGraphics\src\overlay\panel.h">
      <Filter>src\overlay</Filter>
    </ClInclude>
    <ClInclude Include="..\..\lib\ElfGraphics\src\overlay\surface.h">
      <Filter>src\overlay</Filter>
    </ClInclude>
    <ClInclude Include="..\..\lib\ElfGraphics\src\ogre_conversion.h">
      <Filter>src</Filter>
    </ClInclude>
    <ClInclude Include="..\..\lib\ElfGraphics\include\egfx\node\manual.h">
      <Filter>include\node</Filter>
    </ClInclude>
    <ClInclude Include="..\..\lib\ElfGraphics\src\node\manual.h">
      <Filter>src\node</Filter>
    </ClInclude>
    <ClInclude Include="..\..\lib\ElfGraphics\include\egfx\mesh_definition.fwd.h">
      <Filter>include</Filter>
    </ClInclude>
    <ClInclude Include="..\..\lib\ElfGraphics\src\mesh_definition.h">
      <Filter>src</Filter>
    </ClInclude>
    <ClInclude Include="..\..\lib\ElfGraphics\include\egfx\node\mesh.h">
      <Filter>include\node</Filter>
    </ClInclude>
    <ClInclude Include="..\..\lib\ElfGraphics\include\egfx\node\mesh.fwd.h">
      <Filter>include\node</Filter>
    </ClInclude>
    <ClInclude Include="..\..\lib\ElfGraphics\src\node\mesh.h">
      <Filter>src\node</Filter>
    </ClInclude>
    <ClInclude Include="..\..\lib\ElfGraphics\src\imgui\renderer.h">
      <Filter>src\imgui</Filter>
    </ClInclude>
    <ClInclude Include="..\..\lib\ElfGraphics\src\imgui\d3d11_renderer.h">
      <Filter>src\imgui</Filter>
    </ClInclude>
    <ClInclude Include="..\..\lib\ElfGraphics\src\imgui\system.h">
      <Filter>src\imgui</Filter>
    </ClInclude>
    <ClInclude Include="..\..\lib\ElfGraphics\src\compositor.h">
      <Filter>src</Filter>
    </ClInclude>
  </ItemGroup>
  <ItemGroup>
    <ClCompile Include="..\..\lib\ElfGraphics\src\module.cpp">
      <Filter>src</Filter>
    </ClCompile>
    <ClCompile Include="..\..\lib\ElfGraphics\src\mesh_definition.cpp">
      <Filter>src</Filter>
    </ClCompile>
    <ClCompile Include="..\..\lib\ElfGraphics\src\node\light.cpp">
      <Filter>src\node</Filter>
    </ClCompile>
    <ClCompile Include="..\..\lib\ElfGraphics\src\node\object.cpp">
      <Filter>src\node</Filter>
    </ClCompile>
    <ClCompile Include="..\..\lib\ElfGraphics\src\camera.cpp">
      <Filter>src</Filter>
    </ClCompile>
    <ClCompile Include="..\..\lib\ElfGraphics\src\window.cpp">
      <Filter>src</Filter>
    </ClCompile>
    <ClCompile Include="..\..\lib\ElfGraphics\src\overlay\element.cpp">
      <Filter>src\overlay</Filter>
    </ClCompile>
    <ClCompile Include="..\..\lib\ElfGraphics\src\overlay\text.cpp">
      <Filter>src\overlay</Filter>
    </ClCompile>
    <ClCompile Include="..\..\lib\ElfGraphics\src\overlay\container.cpp">
      <Filter>src\overlay</Filter>
    </ClCompile>
    <ClCompile Include="..\..\lib\ElfGraphics\src\overlay\panel.cpp">
      <Filter>src\overlay</Filter>
    </ClCompile>
    <ClCompile Include="..\..\lib\ElfGraphics\src\overlay\surface.cpp">
      <Filter>src\overlay</Filter>
    </ClCompile>
    <ClCompile Include="..\..\lib\ElfGraphics\src\node\manual.cpp">
      <Filter>src\node</Filter>
    </ClCompile>
    <ClCompile Include="..\..\lib\ElfGraphics\src\node\mesh.cpp">
      <Filter>src\node</Filter>
    </ClCompile>
    <ClCompile Include="..\..\lib\ElfGraphics\src\imgui\d3d11_renderer.cpp">
      <Filter>src\imgui</Filter>
    </ClCompile>
    <ClCompile Include="..\..\lib\ElfGraphics\src\imgui\system.cpp">
      <Filter>src\imgui</Filter>
    </ClCompile>
    <ClCompile Include="..\..\lib\ElfGraphics\src\imgui\renderer.cpp">
      <Filter>src\imgui</Filter>
    </ClCompile>
    <ClCompile Include="..\..\lib\ElfGraphics\src\compositor.cpp">
      <Filter>src</Filter>
    </ClCompile>
  </ItemGroup>
</Project>