<?xml version="1.0" encoding="utf-8"?>
<Project ToolsVersion="4.0" xmlns="http://schemas.microsoft.com/developer/msbuild/2003">
  <ItemGroup>
    <Filter Include="include">
      <UniqueIdentifier>{9b5296a1-4261-4b3f-981c-efd6f2b79f90}</UniqueIdentifier>
    </Filter>
    <Filter Include="src">
      <UniqueIdentifier>{113fc567-d8ad-460f-ab95-a643d24fe42d}</UniqueIdentifier>
    </Filter>
  </ItemGroup>
  <ItemGroup>
    <ClInclude Include="..\..\lib\SDL2\include\SDL2\macro.h">
      <Filter>include</Filter>
    </ClInclude>
    <ClInclude Include="..\..\lib\SDL2\include\SDL2\window.h">
      <Filter>include</Filter>
    </ClInclude>
  </ItemGroup>
  <ItemGroup>
    <ClCompile Include="..\..\lib\SDL2\src\window.cpp">
      <Filter>src</Filter>
    </ClCompile>
  </ItemGroup>
</Project>