<?xml version="1.0" encoding="utf-8"?>
<Project ToolsVersion="4.0" xmlns="http://schemas.microsoft.com/developer/msbuild/2003">
  <ItemGroup>
    <Filter Include="include">
      <UniqueIdentifier>{b752d043-adec-483b-adf6-18300ba704c6}</UniqueIdentifier>
    </Filter>
    <Filter Include="src">
      <UniqueIdentifier>{f9e39b40-9562-448e-a6d0-2e602208e899}</UniqueIdentifier>
    </Filter>
    <Filter Include="include\misc">
      <UniqueIdentifier>{3de38387-359e-48aa-8337-cd80d991b058}</UniqueIdentifier>
    </Filter>
    <Filter Include="include\misc\freetype">
      <UniqueIdentifier>{0a56b6d9-5a32-4250-9e66-924e432122b3}</UniqueIdentifier>
    </Filter>
  </ItemGroup>
  <ItemGroup>
    <ClInclude Include="..\..\ext\ImGui\src\imgui_internal.h">
      <Filter>src</Filter>
    </ClInclude>
    <ClInclude Include="..\..\ext\ImGui\src\imstb_textedit.h">
      <Filter>src</Filter>
    </ClInclude>
    <ClInclude Include="..\..\ext\ImGui\include\imconfig.h">
      <Filter>include</Filter>
    </ClInclude>
    <ClInclude Include="..\..\ext\ImGui\include\imgui.h">
      <Filter>include</Filter>
    </ClInclude>
    <ClInclude Include="..\..\ext\ImGui\include\imgui_impl_sdl.h">
      <Filter>include</Filter>
    </ClInclude>
    <ClInclude Include="..\..\ext\ImGui\src\imstb_rectpack.h">
      <Filter>src</Filter>
    </ClInclude>
    <ClInclude Include="..\..\ext\ImGui\src\imstb_truetype.h">
      <Filter>src</Filter>
    </ClInclude>
    <ClInclude Include="..\..\ext\ImGui\include\imgui_impl_dx11.h">
      <Filter>include</Filter>
    </ClInclude>
    <ClInclude Include="..\..\ext\ImGui\include\imgui_user.h">
      <Filter>include</Filter>
    </ClInclude>
    <ClInclude Include="..\..\ext\imgui_markdown\include\imgui_markdown.h">
      <Filter>include</Filter>
    </ClInclude>
    <ClInclude Include="..\..\ext\ImGui\include\imgui_freetype.h">
      <Filter>include\misc\freetype</Filter>
    </ClInclude>
  </ItemGroup>
  <ItemGroup>
    <ClCompile Include="..\..\ext\ImGui\src\imgui.cpp">
      <Filter>src</Filter>
    </ClCompile>
    <ClCompile Include="..\..\ext\ImGui\src\imgui_impl_sdl.cpp">
      <Filter>src</Filter>
    </ClCompile>
    <ClCompile Include="..\..\ext\ImGui\src\imgui_draw.cpp">
      <Filter>src</Filter>
    </ClCompile>
    <ClCompile Include="..\..\ext\ImGui\src\imgui_widgets.cpp">
      <Filter>src</Filter>
    </ClCompile>
    <ClCompile Include="..\..\ext\ImGui\src\imgui_impl_dx11.cpp">
      <Filter>src</Filter>
    </ClCompile>
    <ClCompile Include="..\..\ext\ImGui\src\imgui_demo.cpp">
      <Filter>src</Filter>
    </ClCompile>
    <ClCompile Include="..\..\ext\ImGui\src\imgui_user.cpp">
      <Filter>src</Filter>
    </ClCompile>
    <ClCompile Include="..\..\ext\ImGui\src\imgui_freetype.cpp">
      <Filter>src</Filter>
    </ClCompile>
    <ClCompile Include="..\..\ext\ImGui\src\imgui_tables.cpp">
      <Filter>src</Filter>
    </ClCompile>
  </ItemGroup>
  <ItemGroup>
    <Natvis Include="..\..\ext\ImGui\imgui.natvis" />
  </ItemGroup>
</Project>