<?xml version="1.0" encoding="utf-8"?>
<Project ToolsVersion="4.0" xmlns="http://schemas.microsoft.com/developer/msbuild/2003">
  <ItemGroup>
    <Filter Include="include">
      <UniqueIdentifier>{fc9f0b09-0011-446f-956b-50e98be6cbd0}</UniqueIdentifier>
    </Filter>
    <Filter Include="include\unit">
      <UniqueIdentifier>{3b4de833-4703-45cf-963f-6568349a94d1}</UniqueIdentifier>
    </Filter>
    <Filter Include="src">
      <UniqueIdentifier>{67930f7f-84d2-4d3c-8832-08bf051e48df}</UniqueIdentifier>
    </Filter>
    <Filter Include="include\boost">
      <UniqueIdentifier>{b1a4f2b2-78f7-49d0-abd2-457fce066906}</UniqueIdentifier>
    </Filter>
    <Filter Include="include\boost\detail">
      <UniqueIdentifier>{966d9e0f-4db9-4ebe-ab3a-a5224acd3502}</UniqueIdentifier>
    </Filter>
  </ItemGroup>
  <ItemGroup>
    <ClInclude Include="..\..\lib\Math\include\Math\vector3.h">
      <Filter>include</Filter>
    </ClInclude>
    <ClInclude Include="..\..\lib\Math\include\math\plane.h">
      <Filter>include</Filter>
    </ClInclude>
    <ClInclude Include="..\..\lib\Math\include\math\unit\time.h">
      <Filter>include\unit</Filter>
    </ClInclude>
    <ClInclude Include="..\..\lib\Math\include\math\aabb.h">
      <Filter>include</Filter>
    </ClInclude>
    <ClInclude Include="..\..\lib\math\include\math\ray.h">
      <Filter>include</Filter>
    </ClInclude>
    <ClInclude Include="..\..\lib\math\include\math\quaternion.h">
      <Filter>include</Filter>
    </ClInclude>
    <ClInclude Include="..\..\lib\math\include\math\line.h">
      <Filter>include</Filter>
    </ClInclude>
    <ClInclude Include="..\..\lib\Math\include\math\transform_matrix.h">
      <Filter>include</Filter>
    </ClInclude>
    <ClInclude Include="..\..\lib\Math\include\math\boost\detail\common.h">
      <Filter>include\boost\detail</Filter>
    </ClInclude>
    <ClInclude Include="..\..\lib\Math\include\math\boost\quaternion_traits.h">
      <Filter>include\boost</Filter>
    </ClInclude>
    <ClInclude Include="..\..\lib\Math\include\math\boost\vector_traits.h">
      <Filter>include\boost</Filter>
    </ClInclude>
    <ClInclude Include="..\..\lib\Math\include\math\boost\transform_matrix_traits.h">
      <Filter>include\boost</Filter>
    </ClInclude>
    <ClInclude Include="..\..\lib\Math\include\math\boost\transform_matrix_ops.h">
      <Filter>include\boost</Filter>
    </ClInclude>
  </ItemGroup>
  <ItemGroup>
    <ClCompile Include="..\..\lib\math\src\ray.cpp">
      <Filter>src</Filter>
    </ClCompile>
    <ClCompile Include="..\..\lib\Math\src\plane.cpp">
      <Filter>src</Filter>
    </ClCompile>
    <ClCompile Include="..\..\lib\math\src\quaternion.cpp">
      <Filter>src</Filter>
    </ClCompile>
    <ClCompile Include="..\..\lib\math\src\line.cpp">
      <Filter>src</Filter>
    </ClCompile>
    <ClCompile Include="..\..\lib\Math\src\transform_matrix.cpp">
      <Filter>src</Filter>
    </ClCompile>
  </ItemGroup>
</Project>