
Microsoft Visual Studio Solution File, Format Version 12.00
# Visual Studio Version 16
VisualStudioVersion = 16.0.30128.74
MinimumVisualStudioVersion = 10.0.40219.1
Project("{8BC9CEB8-8B4A-11D0-8D11-00A0C91BC942}") = "OrcThief", "OrcThief\OrcThief.vcxproj", "{66A50B86-6CAA-47E9-B3BB-591B54281367}"
EndProject
Project("{8BC9CEB8-8B4A-11D0-8D11-00A0C91BC942}") = "Ogre", "Ogre\Ogre.vcxproj", "{198ACBB3-600F-44E4-8AE8-872597830FBC}"
EndProject
Project("{8BC9CEB8-8B4A-11D0-8D11-00A0C91BC942}") = "Core", "Core\Core.vcxproj", "{D53DF004-1A22-4158-A426-C3A1C677ABD3}"
EndProject
Project("{8BC9CEB8-8B4A-11D0-8D11-00A0C91BC942}") = "Math", "Math\Math.vcxproj", "{66B5EACA-D273-47FE-9FD2-843251BE43E2}"
EndProject
Project("{2150E333-8FDC-42A3-9474-1A3956D46DE8}") = "Ext", "Ext", "{3EA36CAC-C257-40F6-ADB8-271122F7B6E8}"
EndProject
Project("{8BC9CEB8-8B4A-11D0-8D11-00A0C91BC942}") = "SDL2", "SDL2\SDL2.vcxproj", "{838DA63B-A78C-49E4-9394-CC865CD6C762}"
EndProject
Global
	GlobalSection(SolutionConfigurationPlatforms) = preSolution
		Debug|x64 = Debug|x64
		Debug|x86 = Debug|x86
		Release|x64 = Release|x64
		Release|x86 = Release|x86
	EndGlobalSection
	GlobalSection(ProjectConfigurationPlatforms) = postSolution
		{66A50B86-6CAA-47E9-B3BB-591B54281367}.Debug|x64.ActiveCfg = Debug|x64
		{66A50B86-6CAA-47E9-B3BB-591B54281367}.Debug|x64.Build.0 = Debug|x64
		{66A50B86-6CAA-47E9-B3BB-591B54281367}.Debug|x86.ActiveCfg = Debug|Win32
		{66A50B86-6CAA-47E9-B3BB-591B54281367}.Debug|x86.Build.0 = Debug|Win32
		{66A50B86-6CAA-47E9-B3BB-591B54281367}.Release|x64.ActiveCfg = Release|x64
		{66A50B86-6CAA-47E9-B3BB-591B54281367}.Release|x64.Build.0 = Release|x64
		{66A50B86-6CAA-47E9-B3BB-591B54281367}.Release|x86.ActiveCfg = Release|Win32
		{66A50B86-6CAA-47E9-B3BB-591B54281367}.Release|x86.Build.0 = Release|Win32
		{198ACBB3-600F-44E4-8AE8-872597830FBC}.Debug|x64.ActiveCfg = Debug|x64
		{198ACBB3-600F-44E4-8AE8-872597830FBC}.Debug|x64.Build.0 = Debug|x64
		{198ACBB3-600F-44E4-8AE8-872597830FBC}.Debug|x86.ActiveCfg = Debug|Win32
		{198ACBB3-600F-44E4-8AE8-872597830FBC}.Debug|x86.Build.0 = Debug|Win32
		{198ACBB3-600F-44E4-8AE8-872597830FBC}.Release|x64.ActiveCfg = Release|x64
		{198ACBB3-600F-44E4-8AE8-872597830FBC}.Release|x64.Build.0 = Release|x64
		{198ACBB3-600F-44E4-8AE8-872597830FBC}.Release|x86.ActiveCfg = Release|Win32
		{198ACBB3-600F-44E4-8AE8-872597830FBC}.Release|x86.Build.0 = Release|Win32
		{D53DF004-1A22-4158-A426-C3A1C677ABD3}.Debug|x64.ActiveCfg = Debug|x64
		{D53DF004-1A22-4158-A426-C3A1C677ABD3}.Debug|x64.Build.0 = Debug|x64
		{D53DF004-1A22-4158-A426-C3A1C677ABD3}.Debug|x86.ActiveCfg = Debug|Win32
		{D53DF004-1A22-4158-A426-C3A1C677ABD3}.Debug|x86.Build.0 = Debug|Win32
		{D53DF004-1A22-4158-A426-C3A1C677ABD3}.Release|x64.ActiveCfg = Release|x64
		{D53DF004-1A22-4158-A426-C3A1C677ABD3}.Release|x64.Build.0 = Release|x64
		{D53DF004-1A22-4158-A426-C3A1C677ABD3}.Release|x86.ActiveCfg = Release|Win32
		{D53DF004-1A22-4158-A426-C3A1C677ABD3}.Release|x86.Build.0 = Release|Win32
		{66B5EACA-D273-47FE-9FD2-843251BE43E2}.Debug|x64.ActiveCfg = Debug|x64
		{66B5EACA-D273-47FE-9FD2-843251BE43E2}.Debug|x64.Build.0 = Debug|x64
		{66B5EACA-D273-47FE-9FD2-843251BE43E2}.Debug|x86.ActiveCfg = Debug|Win32
		{66B5EACA-D273-47FE-9FD2-843251BE43E2}.Debug|x86.Build.0 = Debug|Win32
		{66B5EACA-D273-47FE-9FD2-843251BE43E2}.Release|x64.ActiveCfg = Release|x64
		{66B5EACA-D273-47FE-9FD2-843251BE43E2}.Release|x64.Build.0 = Release|x64
		{66B5EACA-D273-47FE-9FD2-843251BE43E2}.Release|x86.ActiveCfg = Release|Win32
		{66B5EACA-D273-47FE-9FD2-843251BE43E2}.Release|x86.Build.0 = Release|Win32
		{838DA63B-A78C-49E4-9394-CC865CD6C762}.Debug|x64.ActiveCfg = Debug|x64
		{838DA63B-A78C-49E4-9394-CC865CD6C762}.Debug|x64.Build.0 = Debug|x64
		{838DA63B-A78C-49E4-9394-CC865CD6C762}.Debug|x86.ActiveCfg = Debug|Win32
		{838DA63B-A78C-49E4-9394-CC865CD6C762}.Debug|x86.Build.0 = Debug|Win32
		{838DA63B-A78C-49E4-9394-CC865CD6C762}.Release|x64.ActiveCfg = Release|x64
		{838DA63B-A78C-49E4-9394-CC865CD6C762}.Release|x64.Build.0 = Release|x64
		{838DA63B-A78C-49E4-9394-CC865CD6C762}.Release|x86.ActiveCfg = Release|Win32
		{838DA63B-A78C-49E4-9394-CC865CD6C762}.Release|x86.Build.0 = Release|Win32
	EndGlobalSection
	GlobalSection(SolutionProperties) = preSolution
		HideSolutionNode = FALSE
	EndGlobalSection
	GlobalSection(NestedProjects) = preSolution
		{198ACBB3-600F-44E4-8AE8-872597830FBC} = {3EA36CAC-C257-40F6-ADB8-271122F7B6E8}
		{838DA63B-A78C-49E4-9394-CC865CD6C762} = {3EA36CAC-C257-40F6-ADB8-271122F7B6E8}
	EndGlobalSection
	GlobalSection(ExtensibilityGlobals) = postSolution
		SolutionGuid = {E46C0B7E-241D-4FC5-8A20-188C72B36C49}
	EndGlobalSection
EndGlobal
