<?xml version="1.0" encoding="utf-8"?>
<Project ToolsVersion="4.0" xmlns="http://schemas.microsoft.com/developer/msbuild/2003">
  <ItemGroup>
    <Filter Include="include">
      <UniqueIdentifier>{fe56c6f4-09f4-45c7-a0f0-0ed22888a79a}</UniqueIdentifier>
    </Filter>
    <Filter Include="src">
      <UniqueIdentifier>{731777d9-7c08-4580-9641-b41b64726a6a}</UniqueIdentifier>
    </Filter>
    <Filter Include="src\windows">
      <UniqueIdentifier>{f5103b33-d0d8-4913-b6bd-598ebcaf7f4f}</UniqueIdentifier>
    </Filter>
  </ItemGroup>
  <ItemGroup>
    <ClInclude Include="..\..\lib\Platform\include\platform\file_dialog.h">
      <Filter>include</Filter>
    </ClInclude>
    <ClInclude Include="..\..\lib\Platform\src\windows\release_ptr.h">
      <Filter>src\windows</Filter>
    </ClInclude>
  </ItemGroup>
  <ItemGroup>
    <ClCompile Include="..\..\lib\Platform\src\windows\file_dialog.cpp">
      <Filter>src\windows</Filter>
    </ClCompile>
  </ItemGroup>
  <ItemGroup>
    <None Include="packages.config" />
  </ItemGroup>
</Project>