<?xml version="1.0" encoding="utf-8"?>
<Project ToolsVersion="4.0" xmlns="http://schemas.microsoft.com/developer/msbuild/2003">
  <ItemGroup>
    <Filter Include="include">
      <UniqueIdentifier>{8a626c3a-5063-4d40-9761-aabaebc7b33b}</UniqueIdentifier>
    </Filter>
    <Filter Include="src">
      <UniqueIdentifier>{8fe394e2-f46a-49ab-8455-fd07458dd1bf}</UniqueIdentifier>
    </Filter>
  </ItemGroup>
  <ItemGroup>
    <ClInclude Include="..\..\lib\Graphics\include\graphics\window_type.h">
      <Filter>include</Filter>
    </ClInclude>
    <ClInclude Include="..\..\lib\Graphics\include\graphics\module.h">
      <Filter>include</Filter>
    </ClInclude>
    <ClInclude Include="..\..\lib\Graphics\src\shadowed_text.h">
      <Filter>src</Filter>
    </ClInclude>
    <ClInclude Include="..\..\lib\Graphics\src\static_mesh.h">
      <Filter>src</Filter>
    </ClInclude>
    <ClInclude Include="..\..\lib\Graphics\include\graphics\mesh_definition.h">
      <Filter>include</Filter>
    </ClInclude>
    <ClInclude Include="..\..\lib\Graphics\src\module.h">
      <Filter>src</Filter>
    </ClInclude>
    <ClInclude Include="..\..\lib\Graphics\src\scene.h">
      <Filter>src</Filter>
    </ClInclude>
  </ItemGroup>
  <ItemGroup>
    <ClCompile Include="..\..\lib\Graphics\src\module.cpp">
      <Filter>src</Filter>
    </ClCompile>
    <ClCompile Include="..\..\lib\Graphics\src\shadowed_text.cpp">
      <Filter>src</Filter>
    </ClCompile>
    <ClCompile Include="..\..\lib\Graphics\src\static_mesh.cpp">
      <Filter>src</Filter>
    </ClCompile>
    <ClCompile Include="..\..\lib\Graphics\src\mesh_definition.cpp">
      <Filter>src</Filter>
    </ClCompile>
    <ClCompile Include="..\..\lib\Graphics\src\scene.cpp">
      <Filter>src</Filter>
    </ClCompile>
  </ItemGroup>
</Project>