<?xml version="1.0" encoding="utf-8"?>
<Project ToolsVersion="4.0" xmlns="http://schemas.microsoft.com/developer/msbuild/2003">
  <ItemGroup>
    <Filter Include="include">
      <UniqueIdentifier>{8a626c3a-5063-4d40-9761-aabaebc7b33b}</UniqueIdentifier>
    </Filter>
    <Filter Include="src">
      <UniqueIdentifier>{8fe394e2-f46a-49ab-8455-fd07458dd1bf}</UniqueIdentifier>
    </Filter>
    <Filter Include="include\node">
      <UniqueIdentifier>{32c4a126-8bd5-4554-b7ab-3401ccf274c6}</UniqueIdentifier>
    </Filter>
    <Filter Include="src\node">
      <UniqueIdentifier>{57896196-5bfb-410f-8703-77280e0f68ae}</UniqueIdentifier>
    </Filter>
    <Filter Include="include\overlay">
      <UniqueIdentifier>{9710f059-6b7d-47b1-beb5-8eb428f1e559}</UniqueIdentifier>
    </Filter>
    <Filter Include="src\overlay">
      <UniqueIdentifier>{64a90bcf-899e-40ef-a665-e124d882f003}</UniqueIdentifier>
    </Filter>
  </ItemGroup>
  <ItemGroup>
    <ClInclude Include="..\..\lib\Graphics\include\graphics\window_type.h">
      <Filter>include</Filter>
    </ClInclude>
    <ClInclude Include="..\..\lib\Graphics\include\graphics\module.h">
      <Filter>include</Filter>
    </ClInclude>
    <ClInclude Include="..\..\lib\Graphics\include\graphics\mesh_definition.h">
      <Filter>include</Filter>
    </ClInclude>
    <ClInclude Include="..\..\lib\Graphics\src\module.h">
      <Filter>src</Filter>
    </ClInclude>
    <ClInclude Include="..\..\lib\Graphics\src\scene.h">
      <Filter>src</Filter>
    </ClInclude>
    <ClInclude Include="..\..\lib\graphics\include\graphics\scene.h">
      <Filter>include</Filter>
    </ClInclude>
    <ClInclude Include="..\..\lib\graphics\include\graphics\node\static_mesh.fwd.h">
      <Filter>include\node</Filter>
    </ClInclude>
    <ClInclude Include="..\..\lib\graphics\include\graphics\scene.fwd.h">
      <Filter>include</Filter>
    </ClInclude>
    <ClInclude Include="..\..\lib\Graphics\src\node\static_mesh.h">
      <Filter>src\node</Filter>
    </ClInclude>
    <ClInclude Include="..\..\lib\graphics\include\graphics\node\static_mesh.h">
      <Filter>include\node</Filter>
    </ClInclude>
    <ClInclude Include="..\..\lib\graphics\include\graphics\camera.h">
      <Filter>include</Filter>
    </ClInclude>
    <ClInclude Include="..\..\lib\graphics\include\graphics\node\light.h">
      <Filter>include\node</Filter>
    </ClInclude>
    <ClInclude Include="..\..\lib\graphics\include\graphics\node\light.fwd.h">
      <Filter>include\node</Filter>
    </ClInclude>
    <ClInclude Include="..\..\lib\Graphics\src\node\light.h">
      <Filter>src\node</Filter>
    </ClInclude>
    <ClInclude Include="..\..\lib\Graphics\include\graphics\node\object.fwd.h">
      <Filter>include\node</Filter>
    </ClInclude>
    <ClInclude Include="..\..\lib\Graphics\include\graphics\node\object.h">
      <Filter>include\node</Filter>
    </ClInclude>
    <ClInclude Include="..\..\lib\Graphics\src\node\object.h">
      <Filter>src\node</Filter>
    </ClInclude>
    <ClInclude Include="..\..\lib\Graphics\src\camera.h">
      <Filter>src</Filter>
    </ClInclude>
    <ClInclude Include="..\..\lib\graphics\include\graphics\window.h">
      <Filter>include</Filter>
    </ClInclude>
    <ClInclude Include="..\..\lib\graphics\src\window.h">
      <Filter>src</Filter>
    </ClInclude>
    <ClInclude Include="..\..\lib\graphics\include\graphics\overlay\element.h">
      <Filter>include\overlay</Filter>
    </ClInclude>
    <ClInclude Include="..\..\lib\graphics\src\overlay\element.h">
      <Filter>src\overlay</Filter>
    </ClInclude>
    <ClInclude Include="..\..\lib\graphics\src\overlay\text.h">
      <Filter>src\overlay</Filter>
    </ClInclude>
    <ClInclude Include="..\..\lib\graphics\include\graphics\overlay\text.h">
      <Filter>include\overlay</Filter>
    </ClInclude>
    <ClInclude Include="..\..\lib\graphics\include\graphics\color.h">
      <Filter>include</Filter>
    </ClInclude>
    <ClInclude Include="..\..\lib\Graphics\include\graphics\overlay\container.h">
      <Filter>include\overlay</Filter>
    </ClInclude>
    <ClInclude Include="..\..\lib\graphics\include\graphics\overlay\surface.h">
      <Filter>include\overlay</Filter>
    </ClInclude>
    <ClInclude Include="..\..\lib\Graphics\include\graphics\overlay\panel.h">
      <Filter>include\overlay</Filter>
    </ClInclude>
    <ClInclude Include="..\..\lib\graphics\src\overlay\container.h">
      <Filter>src\overlay</Filter>
    </ClInclude>
    <ClInclude Include="..\..\lib\graphics\src\overlay\panel.h">
      <Filter>src\overlay</Filter>
    </ClInclude>
    <ClInclude Include="..\..\lib\graphics\src\overlay\surface.h">
      <Filter>src\overlay</Filter>
    </ClInclude>
    <ClInclude Include="..\..\lib\graphics\src\ogre_conversion.h">
      <Filter>src</Filter>
    </ClInclude>
    <ClInclude Include="..\..\lib\graphics\include\graphics\node\manual.h">
      <Filter>include\node</Filter>
    </ClInclude>
    <ClInclude Include="..\..\lib\graphics\src\node\manual.h">
      <Filter>src\node</Filter>
    </ClInclude>
    <ClInclude Include="..\..\lib\graphics\include\graphics\mesh_definition.fwd.h">
      <Filter>include</Filter>
    </ClInclude>
    <ClInclude Include="..\..\lib\graphics\src\mesh_definition.h">
      <Filter>src</Filter>
    </ClInclude>
  </ItemGroup>
  <ItemGroup>
    <ClCompile Include="..\..\lib\Graphics\src\module.cpp">
      <Filter>src</Filter>
    </ClCompile>
    <ClCompile Include="..\..\lib\Graphics\src\mesh_definition.cpp">
      <Filter>src</Filter>
    </ClCompile>
    <ClCompile Include="..\..\lib\Graphics\src\scene.cpp">
      <Filter>src</Filter>
    </ClCompile>
    <ClCompile Include="..\..\lib\Graphics\src\node\static_mesh.cpp">
      <Filter>src\node</Filter>
    </ClCompile>
    <ClCompile Include="..\..\lib\graphics\src\node\light.cpp">
      <Filter>src\node</Filter>
    </ClCompile>
    <ClCompile Include="..\..\lib\Graphics\src\node\object.cpp">
      <Filter>src\node</Filter>
    </ClCompile>
    <ClCompile Include="..\..\lib\Graphics\src\camera.cpp">
      <Filter>src</Filter>
    </ClCompile>
    <ClCompile Include="..\..\lib\graphics\src\window.cpp">
      <Filter>src</Filter>
    </ClCompile>
    <ClCompile Include="..\..\lib\graphics\src\overlay\element.cpp">
      <Filter>src\overlay</Filter>
    </ClCompile>
    <ClCompile Include="..\..\lib\graphics\src\overlay\text.cpp">
      <Filter>src\overlay</Filter>
    </ClCompile>
    <ClCompile Include="..\..\lib\graphics\src\overlay\container.cpp">
      <Filter>src\overlay</Filter>
    </ClCompile>
    <ClCompile Include="..\..\lib\graphics\src\overlay\panel.cpp">
      <Filter>src\overlay</Filter>
    </ClCompile>
    <ClCompile Include="..\..\lib\graphics\src\overlay\surface.cpp">
      <Filter>src\overlay</Filter>
    </ClCompile>
    <ClCompile Include="..\..\lib\graphics\src\node\manual.cpp">
      <Filter>src\node</Filter>
    </ClCompile>
  </ItemGroup>
</Project>