<?xml version="1.0" encoding="utf-8"?>
<Project ToolsVersion="4.0" xmlns="http://schemas.microsoft.com/developer/msbuild/2003">
  <ItemGroup>
    <Filter Include="src">
      <UniqueIdentifier>{4FC737F1-C7A5-4376-A066-2A32D752A2FF}</UniqueIdentifier>
      <Extensions>cpp;c;cc;cxx;c++;def;odl;idl;hpj;bat;asm;asmx</Extensions>
    </Filter>
    <Filter Include="src\selection">
      <UniqueIdentifier>{a72bd6fa-e7ca-459c-8dc4-faa317cdb88d}</UniqueIdentifier>
    </Filter>
    <Filter Include="src\hud">
      <UniqueIdentifier>{672e3afc-732a-406a-9fae-edd616d5c228}</UniqueIdentifier>
    </Filter>
  </ItemGroup>
  <ItemGroup>
    <ClCompile Include="..\..\src\main.cpp">
      <Filter>src</Filter>
    </ClCompile>
    <ClCompile Include="..\..\src\application.cpp">
      <Filter>src</Filter>
    </ClCompile>
    <ClCompile Include="..\..\src\map.cpp">
      <Filter>src</Filter>
    </ClCompile>
    <ClCompile Include="..\..\src\selection\brush_context.cpp">
      <Filter>src\selection</Filter>
    </ClCompile>
    <ClCompile Include="..\..\src\selection\base_context.cpp">
      <Filter>src\selection</Filter>
    </ClCompile>
    <ClCompile Include="..\..\src\selection\context.cpp">
      <Filter>src\selection</Filter>
    </ClCompile>
    <ClCompile Include="..\..\src\hud\shadowed_text.cpp">
      <Filter>src\hud</Filter>
    </ClCompile>
    <ClCompile Include="..\..\src\datablock.cpp">
      <Filter>src</Filter>
    </ClCompile>
    <ClCompile Include="..\..\src\selection\face_context.cpp">
      <Filter>src\selection</Filter>
    </ClCompile>
    <ClCompile Include="..\..\src\input.cpp">
      <Filter>src</Filter>
    </ClCompile>
  </ItemGroup>
  <ItemGroup>
    <ClInclude Include="..\..\src\application.h">
      <Filter>src</Filter>
    </ClInclude>
    <ClInclude Include="..\..\src\selection\context.h">
      <Filter>src\selection</Filter>
    </ClInclude>
    <ClInclude Include="..\..\src\selection\base_context.h">
      <Filter>src\selection</Filter>
    </ClInclude>
    <ClInclude Include="..\..\src\map.h">
      <Filter>src</Filter>
    </ClInclude>
    <ClInclude Include="..\..\src\selection\brush_context.h">
      <Filter>src\selection</Filter>
    </ClInclude>
    <ClInclude Include="..\..\src\hud\shadowed_text.h">
      <Filter>src\hud</Filter>
    </ClInclude>
    <ClInclude Include="..\..\src\datablock.h">
      <Filter>src</Filter>
    </ClInclude>
    <ClInclude Include="..\..\src\selection\face_context.h">
      <Filter>src\selection</Filter>
    </ClInclude>
    <ClInclude Include="..\..\src\input.h">
      <Filter>src</Filter>
    </ClInclude>
  </ItemGroup>
</Project>