<?xml version="1.0" encoding="utf-8"?>
<Project ToolsVersion="4.0" xmlns="http://schemas.microsoft.com/developer/msbuild/2003">
  <ItemGroup>
    <Filter Include="include">
      <UniqueIdentifier>{6969f98e-8572-4f57-a54b-290b268596a0}</UniqueIdentifier>
    </Filter>
    <Filter Include="include\detail">
      <UniqueIdentifier>{7b9f489f-5b38-4b2e-84dd-fe330c1741df}</UniqueIdentifier>
    </Filter>
    <Filter Include="include\Compositor">
      <UniqueIdentifier>{73cb68f1-0c76-49bb-8247-e03a3510b0a8}</UniqueIdentifier>
    </Filter>
    <Filter Include="src">
      <UniqueIdentifier>{ce5bb308-6c81-4445-91bb-375c2abeea7c}</UniqueIdentifier>
    </Filter>
    <Filter Include="include\Components">
      <UniqueIdentifier>{eed8dab7-8d3c-46bd-954d-f8b8628acec4}</UniqueIdentifier>
    </Filter>
    <Filter Include="include\Components\Hlms">
      <UniqueIdentifier>{d850c800-57e9-4588-a13e-2b73e370ff32}</UniqueIdentifier>
    </Filter>
    <Filter Include="include\Components\Overlay">
      <UniqueIdentifier>{0fe34d33-f8a5-4b3d-9a5c-dbd68b93d902}</UniqueIdentifier>
    </Filter>
    <Filter Include="src\Components">
      <UniqueIdentifier>{bbc9acf3-e94e-4739-8f6f-8c9fef64fa27}</UniqueIdentifier>
    </Filter>
    <Filter Include="src\Components\Overlay">
      <UniqueIdentifier>{4a146066-1df8-4345-9edd-d100321fceaf}</UniqueIdentifier>
    </Filter>
    <Filter Include="include\Vao">
      <UniqueIdentifier>{b06888a3-8ebe-4e62-b6be-2c8b3fab377f}</UniqueIdentifier>
    </Filter>
  </ItemGroup>
  <ItemGroup>
    <ClInclude Include="..\..\lib\Ogre\include\Ogre\Root.h">
      <Filter>include</Filter>
    </ClInclude>
    <ClInclude Include="..\..\lib\Ogre\include\Ogre\detail\common.h">
      <Filter>include\detail</Filter>
    </ClInclude>
    <ClInclude Include="..\..\lib\Ogre\include\Ogre\Window.h">
      <Filter>include</Filter>
    </ClInclude>
    <ClInclude Include="..\..\lib\Ogre\include\Ogre\Compositor\CompositorManager2.h">
      <Filter>include\Compositor</Filter>
    </ClInclude>
    <ClInclude Include="..\..\lib\Ogre\include\Ogre\WindowEventUtilities.h">
      <Filter>include</Filter>
    </ClInclude>
    <ClInclude Include="..\..\lib\Ogre\include\Ogre\MemoryAllocatorConfig.h">
      <Filter>include</Filter>
    </ClInclude>
    <ClInclude Include="..\..\lib\Ogre\include\Ogre\Compositor\CompositorWorkspace.h">
      <Filter>include\Compositor</Filter>
    </ClInclude>
    <ClInclude Include="..\..\lib\Ogre\include\Ogre\RenderSystem.h">
      <Filter>include</Filter>
    </ClInclude>
    <ClInclude Include="..\..\lib\Ogre\include\Ogre\ConfigOptionMap.h">
      <Filter>include</Filter>
    </ClInclude>
    <ClInclude Include="..\..\lib\Ogre\include\Ogre\Prerequisites.h">
      <Filter>include</Filter>
    </ClInclude>
    <ClInclude Include="..\..\lib\Ogre\include\Ogre\Item.h">
      <Filter>include</Filter>
    </ClInclude>
    <ClInclude Include="..\..\lib\Ogre\include\Ogre\ConfigFile.h">
      <Filter>include</Filter>
    </ClInclude>
    <ClInclude Include="..\..\lib\Ogre\include\Ogre\ResourceGroupManager.h">
      <Filter>include</Filter>
    </ClInclude>
    <ClInclude Include="..\..\lib\Ogre\include\ogre\Components\Hlms\Unlit.h">
      <Filter>include\Components\Hlms</Filter>
    </ClInclude>
    <ClInclude Include="..\..\lib\Ogre\include\ogre\ArchiveType.h">
      <Filter>include</Filter>
    </ClInclude>
    <ClInclude Include="..\..\lib\Ogre\include\ogre\ArchiveManager.h">
      <Filter>include</Filter>
    </ClInclude>
    <ClInclude Include="..\..\lib\Ogre\include\ogre\HlmsManager.h">
      <Filter>include</Filter>
    </ClInclude>
    <ClInclude Include="..\..\lib\Ogre\include\ogre\Components\Hlms\Pbs.h">
      <Filter>include\Components\Hlms</Filter>
    </ClInclude>
    <ClInclude Include="..\..\lib\Ogre\include\Ogre\Camera.h">
      <Filter>include</Filter>
    </ClInclude>
    <ClInclude Include="..\..\lib\Ogre\include\Ogre\Components\Overlay.h">
      <Filter>include\Components</Filter>
    </ClInclude>
    <ClInclude Include="..\..\lib\Ogre\include\Ogre\Components\Overlay\Manager.h">
      <Filter>include\Components\Overlay</Filter>
    </ClInclude>
    <ClInclude Include="..\..\lib\Ogre\include\Ogre\Components\Overlay\Container.h">
      <Filter>include\Components\Overlay</Filter>
    </ClInclude>
    <ClInclude Include="..\..\lib\Ogre\include\Ogre\Components\Overlay\TextAreaElement.h">
      <Filter>include\Components\Overlay</Filter>
    </ClInclude>
    <ClInclude Include="..\..\lib\Ogre\include\Ogre\Components\Overlay\PanelElement.h">
      <Filter>include\Components\Overlay</Filter>
    </ClInclude>
    <ClInclude Include="..\..\lib\Ogre\include\Ogre\Components\Overlay\System.h">
      <Filter>include\Components\Overlay</Filter>
    </ClInclude>
    <ClInclude Include="..\..\lib\Ogre\include\ogre\MeshManager2.h">
      <Filter>include</Filter>
    </ClInclude>
    <ClInclude Include="..\..\lib\Ogre\include\ogre\Vao\Manager.h">
      <Filter>include\Vao</Filter>
    </ClInclude>
    <ClInclude Include="..\..\lib\Ogre\include\ogre\Mesh2.h">
      <Filter>include</Filter>
    </ClInclude>
    <ClInclude Include="..\..\lib\Ogre\include\ogre\SubMesh2.h">
      <Filter>include</Filter>
    </ClInclude>
  </ItemGroup>
  <ItemGroup>
    <ClCompile Include="..\..\lib\Ogre\src\RenderSystem.cpp">
      <Filter>src</Filter>
    </ClCompile>
    <ClCompile Include="..\..\lib\Ogre\src\Root.cpp">
      <Filter>src</Filter>
    </ClCompile>
    <ClCompile Include="..\..\lib\Ogre\src\ArchiveType.cpp">
      <Filter>src</Filter>
    </ClCompile>
    <ClCompile Include="..\..\lib\Ogre\src\Components\Overlay\PanelElement.cpp">
      <Filter>src\Components\Overlay</Filter>
    </ClCompile>
    <ClCompile Include="..\..\lib\Ogre\src\Components\Overlay\TextAreaElement.cpp">
      <Filter>src\Components\Overlay</Filter>
    </ClCompile>
  </ItemGroup>
</Project>