<?xml version="1.0" encoding="utf-8"?>
<Project ToolsVersion="4.0" xmlns="http://schemas.microsoft.com/developer/msbuild/2003">
  <ItemGroup>
    <Filter Include="src">
      <UniqueIdentifier>{4FC737F1-C7A5-4376-A066-2A32D752A2FF}</UniqueIdentifier>
      <Extensions>cpp;c;cc;cxx;c++;def;odl;idl;hpj;bat;asm;asmx</Extensions>
    </Filter>
    <Filter Include="src\selection">
      <UniqueIdentifier>{a72bd6fa-e7ca-459c-8dc4-faa317cdb88d}</UniqueIdentifier>
    </Filter>
    <Filter Include="src\hud">
      <UniqueIdentifier>{672e3afc-732a-406a-9fae-edd616d5c228}</UniqueIdentifier>
    </Filter>
    <Filter Include="src\action">
      <UniqueIdentifier>{e898fe48-1eab-45b1-ab03-110c2c9a9bc6}</UniqueIdentifier>
    </Filter>
    <Filter Include="src\imgui">
      <UniqueIdentifier>{24eb8ad8-0628-4953-8bf9-9d528123788c}</UniqueIdentifier>
    </Filter>
    <Filter Include="src\imgui\boost">
      <UniqueIdentifier>{186c4b40-2139-4ef9-ae6d-42036d01c688}</UniqueIdentifier>
    </Filter>
    <Filter Include="src\application">
      <UniqueIdentifier>{38735aa8-7126-499e-9df0-116377bf156a}</UniqueIdentifier>
    </Filter>
  </ItemGroup>
  <ItemGroup>
    <ClCompile Include="..\..\src\DwarfEditor\main.cpp">
      <Filter>src</Filter>
    </ClCompile>
    <ClCompile Include="..\..\src\DwarfEditor\map.cpp">
      <Filter>src</Filter>
    </ClCompile>
    <ClCompile Include="..\..\src\DwarfEditor\selection\brush_context.cpp">
      <Filter>src\selection</Filter>
    </ClCompile>
    <ClCompile Include="..\..\src\DwarfEditor\selection\base_context.cpp">
      <Filter>src\selection</Filter>
    </ClCompile>
    <ClCompile Include="..\..\src\DwarfEditor\selection\context.cpp">
      <Filter>src\selection</Filter>
    </ClCompile>
    <ClCompile Include="..\..\src\DwarfEditor\hud\shadowed_text.cpp">
      <Filter>src\hud</Filter>
    </ClCompile>
    <ClCompile Include="..\..\src\DwarfEditor\datablock.cpp">
      <Filter>src</Filter>
    </ClCompile>
    <ClCompile Include="..\..\src\DwarfEditor\selection\face_context.cpp">
      <Filter>src\selection</Filter>
    </ClCompile>
    <ClCompile Include="..\..\src\DwarfEditor\input.cpp">
      <Filter>src</Filter>
    </ClCompile>
    <ClCompile Include="..\..\src\DwarfEditor\selection\edge_context.cpp">
      <Filter>src\selection</Filter>
    </ClCompile>
    <ClCompile Include="..\..\src\DwarfEditor\action\brush.cpp">
      <Filter>src\action</Filter>
    </ClCompile>
    <ClCompile Include="..\..\src\DwarfEditor\window.cpp">
      <Filter>src</Filter>
    </ClCompile>
    <ClCompile Include="..\..\src\DwarfEditor\config.cpp">
      <Filter>src</Filter>
    </ClCompile>
    <ClCompile Include="..\..\src\DwarfEditor\imgui\module.cpp">
      <Filter>src\imgui</Filter>
    </ClCompile>
    <ClCompile Include="..\..\src\DwarfEditor\imgui\projection.cpp">
      <Filter>src\imgui</Filter>
    </ClCompile>
    <ClCompile Include="..\..\src\DwarfEditor\imgui\matrix.cpp">
      <Filter>src\imgui</Filter>
    </ClCompile>
    <ClCompile Include="..\..\src\DwarfEditor\selection\brush_common.cpp">
      <Filter>src\selection</Filter>
    </ClCompile>
    <ClCompile Include="..\..\src\DwarfEditor\application\application.cpp">
      <Filter>src\application</Filter>
    </ClCompile>
    <ClCompile Include="..\..\src\DwarfEditor\application\camera_controller.cpp">
      <Filter>src\application</Filter>
    </ClCompile>
    <ClCompile Include="..\..\src\DwarfEditor\application\mouse_controller.cpp">
      <Filter>src\application</Filter>
    </ClCompile>
  </ItemGroup>
  <ItemGroup>
    <ClInclude Include="..\..\src\DwarfEditor\selection\context.h">
      <Filter>src\selection</Filter>
    </ClInclude>
    <ClInclude Include="..\..\src\DwarfEditor\selection\base_context.h">
      <Filter>src\selection</Filter>
    </ClInclude>
    <ClInclude Include="..\..\src\DwarfEditor\map.h">
      <Filter>src</Filter>
    </ClInclude>
    <ClInclude Include="..\..\src\DwarfEditor\selection\brush_context.h">
      <Filter>src\selection</Filter>
    </ClInclude>
    <ClInclude Include="..\..\src\DwarfEditor\hud\shadowed_text.h">
      <Filter>src\hud</Filter>
    </ClInclude>
    <ClInclude Include="..\..\src\DwarfEditor\datablock.h">
      <Filter>src</Filter>
    </ClInclude>
    <ClInclude Include="..\..\src\DwarfEditor\selection\face_context.h">
      <Filter>src\selection</Filter>
    </ClInclude>
    <ClInclude Include="..\..\src\DwarfEditor\input.h">
      <Filter>src</Filter>
    </ClInclude>
    <ClInclude Include="..\..\src\DwarfEditor\selection\edge_context.h">
      <Filter>src\selection</Filter>
    </ClInclude>
    <ClInclude Include="..\..\src\DwarfEditor\action\brush.h">
      <Filter>src\action</Filter>
    </ClInclude>
    <ClInclude Include="..\..\src\DwarfEditor\action\accumulator.h">
      <Filter>src\action</Filter>
    </ClInclude>
    <ClInclude Include="..\..\src\DwarfEditor\action\brush.fwd.h">
      <Filter>src\action</Filter>
    </ClInclude>
    <ClInclude Include="..\..\src\DwarfEditor\window.h">
      <Filter>src</Filter>
    </ClInclude>
    <ClInclude Include="..\..\src\DwarfEditor\config.h">
      <Filter>src</Filter>
    </ClInclude>
    <ClInclude Include="..\..\src\DwarfEditor\imgui\module.h">
      <Filter>src\imgui</Filter>
    </ClInclude>
    <ClInclude Include="..\..\src\DwarfEditor\imgui\projection.h">
      <Filter>src\imgui</Filter>
    </ClInclude>
    <ClInclude Include="..\..\src\DwarfEditor\imgui\boost\common.h">
      <Filter>src\imgui\boost</Filter>
    </ClInclude>
    <ClInclude Include="..\..\src\DwarfEditor\imgui\boost\matrix_traits.h">
      <Filter>src\imgui\boost</Filter>
    </ClInclude>
    <ClInclude Include="..\..\src\DwarfEditor\imgui\matrix.h">
      <Filter>src\imgui</Filter>
    </ClInclude>
    <ClInclude Include="..\..\src\DwarfEditor\selection\brush_common.h">
      <Filter>src\selection</Filter>
    </ClInclude>
    <ClInclude Include="..\..\src\DwarfEditor\application\application.h">
      <Filter>src\application</Filter>
    </ClInclude>
    <ClInclude Include="..\..\src\DwarfEditor\application\camera_controller.h">
      <Filter>src\application</Filter>
    </ClInclude>
    <ClInclude Include="..\..\src\DwarfEditor\application\mouse_controller.h">
      <Filter>src\application</Filter>
    </ClInclude>
  </ItemGroup>
</Project>