<?xml version="1.0" encoding="utf-8"?>
<Project ToolsVersion="4.0" xmlns="http://schemas.microsoft.com/developer/msbuild/2003">
  <ItemGroup>
    <Filter Include="src">
      <UniqueIdentifier>{4FC737F1-C7A5-4376-A066-2A32D752A2FF}</UniqueIdentifier>
      <Extensions>cpp;c;cc;cxx;c++;def;odl;idl;hpj;bat;asm;asmx</Extensions>
    </Filter>
    <Filter Include="src\selection">
      <UniqueIdentifier>{a72bd6fa-e7ca-459c-8dc4-faa317cdb88d}</UniqueIdentifier>
    </Filter>
    <Filter Include="src\hud">
      <UniqueIdentifier>{672e3afc-732a-406a-9fae-edd616d5c228}</UniqueIdentifier>
    </Filter>
    <Filter Include="src\action">
      <UniqueIdentifier>{e898fe48-1eab-45b1-ab03-110c2c9a9bc6}</UniqueIdentifier>
    </Filter>
  </ItemGroup>
  <ItemGroup>
    <ClCompile Include="..\..\src\DwarfEditor\main.cpp">
      <Filter>src</Filter>
    </ClCompile>
    <ClCompile Include="..\..\src\DwarfEditor\application.cpp">
      <Filter>src</Filter>
    </ClCompile>
    <ClCompile Include="..\..\src\DwarfEditor\map.cpp">
      <Filter>src</Filter>
    </ClCompile>
    <ClCompile Include="..\..\src\DwarfEditor\selection\brush_context.cpp">
      <Filter>src\selection</Filter>
    </ClCompile>
    <ClCompile Include="..\..\src\DwarfEditor\selection\base_context.cpp">
      <Filter>src\selection</Filter>
    </ClCompile>
    <ClCompile Include="..\..\src\DwarfEditor\selection\context.cpp">
      <Filter>src\selection</Filter>
    </ClCompile>
    <ClCompile Include="..\..\src\DwarfEditor\hud\shadowed_text.cpp">
      <Filter>src\hud</Filter>
    </ClCompile>
    <ClCompile Include="..\..\src\DwarfEditor\datablock.cpp">
      <Filter>src</Filter>
    </ClCompile>
    <ClCompile Include="..\..\src\DwarfEditor\selection\face_context.cpp">
      <Filter>src\selection</Filter>
    </ClCompile>
    <ClCompile Include="..\..\src\DwarfEditor\input.cpp">
      <Filter>src</Filter>
    </ClCompile>
    <ClCompile Include="..\..\src\DwarfEditor\selection\edge_context.cpp">
      <Filter>src\selection</Filter>
    </ClCompile>
    <ClCompile Include="..\..\src\DwarfEditor\action\brush.cpp">
      <Filter>src\action</Filter>
    </ClCompile>
    <ClCompile Include="..\..\src\DwarfEditor\window.cpp">
      <Filter>src</Filter>
    </ClCompile>
    <ClCompile Include="..\..\src\DwarfEditor\ImGui.cpp">
      <Filter>src</Filter>
    </ClCompile>
    <ClCompile Include="..\..\src\DwarfEditor\camera_controller.cpp">
      <Filter>src</Filter>
    </ClCompile>
    <ClCompile Include="..\..\src\DwarfEditor\config.cpp">
      <Filter>src</Filter>
    </ClCompile>
  </ItemGroup>
  <ItemGroup>
    <ClInclude Include="..\..\src\DwarfEditor\application.h">
      <Filter>src</Filter>
    </ClInclude>
    <ClInclude Include="..\..\src\DwarfEditor\selection\context.h">
      <Filter>src\selection</Filter>
    </ClInclude>
    <ClInclude Include="..\..\src\DwarfEditor\selection\base_context.h">
      <Filter>src\selection</Filter>
    </ClInclude>
    <ClInclude Include="..\..\src\DwarfEditor\map.h">
      <Filter>src</Filter>
    </ClInclude>
    <ClInclude Include="..\..\src\DwarfEditor\selection\brush_context.h">
      <Filter>src\selection</Filter>
    </ClInclude>
    <ClInclude Include="..\..\src\DwarfEditor\hud\shadowed_text.h">
      <Filter>src\hud</Filter>
    </ClInclude>
    <ClInclude Include="..\..\src\DwarfEditor\datablock.h">
      <Filter>src</Filter>
    </ClInclude>
    <ClInclude Include="..\..\src\DwarfEditor\selection\face_context.h">
      <Filter>src\selection</Filter>
    </ClInclude>
    <ClInclude Include="..\..\src\DwarfEditor\input.h">
      <Filter>src</Filter>
    </ClInclude>
    <ClInclude Include="..\..\src\DwarfEditor\selection\edge_context.h">
      <Filter>src\selection</Filter>
    </ClInclude>
    <ClInclude Include="..\..\src\DwarfEditor\action\brush.h">
      <Filter>src\action</Filter>
    </ClInclude>
    <ClInclude Include="..\..\src\DwarfEditor\action\accumulator.h">
      <Filter>src\action</Filter>
    </ClInclude>
    <ClInclude Include="..\..\src\DwarfEditor\action\brush.fwd.h">
      <Filter>src\action</Filter>
    </ClInclude>
    <ClInclude Include="..\..\src\DwarfEditor\window.h">
      <Filter>src</Filter>
    </ClInclude>
    <ClInclude Include="..\..\src\DwarfEditor\ImGui.h">
      <Filter>src</Filter>
    </ClInclude>
    <ClInclude Include="..\..\src\DwarfEditor\camera_controller.h">
      <Filter>src</Filter>
    </ClInclude>
    <ClInclude Include="..\..\src\DwarfEditor\config.h">
      <Filter>src</Filter>
    </ClInclude>
  </ItemGroup>
</Project>