<?xml version="1.0" encoding="utf-8"?>
<Project ToolsVersion="4.0" xmlns="http://schemas.microsoft.com/developer/msbuild/2003">
  <ItemGroup>
    <Filter Include="src">
      <UniqueIdentifier>{4FC737F1-C7A5-4376-A066-2A32D752A2FF}</UniqueIdentifier>
      <Extensions>cpp;c;cc;cxx;c++;def;odl;idl;hpj;bat;asm;asmx</Extensions>
    </Filter>
    <Filter Include="src\selection">
      <UniqueIdentifier>{a72bd6fa-e7ca-459c-8dc4-faa317cdb88d}</UniqueIdentifier>
    </Filter>
    <Filter Include="src\action">
      <UniqueIdentifier>{e898fe48-1eab-45b1-ab03-110c2c9a9bc6}</UniqueIdentifier>
    </Filter>
    <Filter Include="src\imgui">
      <UniqueIdentifier>{24eb8ad8-0628-4953-8bf9-9d528123788c}</UniqueIdentifier>
    </Filter>
    <Filter Include="src\imgui\boost">
      <UniqueIdentifier>{186c4b40-2139-4ef9-ae6d-42036d01c688}</UniqueIdentifier>
    </Filter>
    <Filter Include="src\application">
      <UniqueIdentifier>{38735aa8-7126-499e-9df0-116377bf156a}</UniqueIdentifier>
    </Filter>
    <Filter Include="src\menu">
      <UniqueIdentifier>{77d82ca5-bef7-4595-83cc-b8423d50bfb8}</UniqueIdentifier>
    </Filter>
    <Filter Include="src\platform">
      <UniqueIdentifier>{df5d3d90-2d88-4178-9189-4e5e74cee0f5}</UniqueIdentifier>
    </Filter>
    <Filter Include="src\platform\windows">
      <UniqueIdentifier>{538df09f-66fc-4c9f-a0f8-bcd0bd89facd}</UniqueIdentifier>
    </Filter>
    <Filter Include="src\serialize">
      <UniqueIdentifier>{b1c59ee8-d795-43c6-8c93-20e60c167908}</UniqueIdentifier>
    </Filter>
  </ItemGroup>
  <ItemGroup>
    <ClCompile Include="..\..\src\DwarfEditor\main.cpp">
      <Filter>src</Filter>
    </ClCompile>
    <ClCompile Include="..\..\src\DwarfEditor\map.cpp">
      <Filter>src</Filter>
    </ClCompile>
    <ClCompile Include="..\..\src\DwarfEditor\selection\node_context.cpp">
      <Filter>src\selection</Filter>
    </ClCompile>
    <ClCompile Include="..\..\src\DwarfEditor\selection\base_context.cpp">
      <Filter>src\selection</Filter>
    </ClCompile>
    <ClCompile Include="..\..\src\DwarfEditor\selection\context.cpp">
      <Filter>src\selection</Filter>
    </ClCompile>
    <ClCompile Include="..\..\src\DwarfEditor\datablock.cpp">
      <Filter>src</Filter>
    </ClCompile>
    <ClCompile Include="..\..\src\DwarfEditor\selection\face_context.cpp">
      <Filter>src\selection</Filter>
    </ClCompile>
    <ClCompile Include="..\..\src\DwarfEditor\input.cpp">
      <Filter>src</Filter>
    </ClCompile>
    <ClCompile Include="..\..\src\DwarfEditor\selection\edge_context.cpp">
      <Filter>src\selection</Filter>
    </ClCompile>
    <ClCompile Include="..\..\src\DwarfEditor\action\brush.cpp">
      <Filter>src\action</Filter>
    </ClCompile>
    <ClCompile Include="..\..\src\DwarfEditor\window.cpp">
      <Filter>src</Filter>
    </ClCompile>
    <ClCompile Include="..\..\src\DwarfEditor\config.cpp">
      <Filter>src</Filter>
    </ClCompile>
    <ClCompile Include="..\..\src\DwarfEditor\imgui\module.cpp">
      <Filter>src\imgui</Filter>
    </ClCompile>
    <ClCompile Include="..\..\src\DwarfEditor\imgui\projection.cpp">
      <Filter>src\imgui</Filter>
    </ClCompile>
    <ClCompile Include="..\..\src\DwarfEditor\imgui\matrix.cpp">
      <Filter>src\imgui</Filter>
    </ClCompile>
    <ClCompile Include="..\..\src\DwarfEditor\selection\brush_common.cpp">
      <Filter>src\selection</Filter>
    </ClCompile>
    <ClCompile Include="..\..\src\DwarfEditor\application\application.cpp">
      <Filter>src\application</Filter>
    </ClCompile>
    <ClCompile Include="..\..\src\DwarfEditor\application\camera_controller.cpp">
      <Filter>src\application</Filter>
    </ClCompile>
    <ClCompile Include="..\..\src\DwarfEditor\application\mouse_controller.cpp">
      <Filter>src\application</Filter>
    </ClCompile>
    <ClCompile Include="..\..\src\DwarfEditor\application\action_handler.cpp">
      <Filter>src\application</Filter>
    </ClCompile>
    <ClCompile Include="..\..\src\DwarfEditor\application\menu.cpp">
      <Filter>src\application</Filter>
    </ClCompile>
    <ClCompile Include="..\..\src\DwarfEditor\console.cpp">
      <Filter>src</Filter>
    </ClCompile>
    <ClCompile Include="..\..\src\DwarfEditor\menu\console_window.cpp">
      <Filter>src\menu</Filter>
    </ClCompile>
    <ClCompile Include="..\..\src\DwarfEditor\action\base.cpp">
      <Filter>src\action</Filter>
    </ClCompile>
    <ClCompile Include="..\..\src\DwarfEditor\Platform\Windows\windows_main.cpp">
      <Filter>src\platform\windows</Filter>
    </ClCompile>
    <ClCompile Include="..\..\src\DwarfEditor\platform\windows\windows_file_dialog.cpp">
      <Filter>src\platform\windows</Filter>
    </ClCompile>
    <ClCompile Include="..\..\src\DwarfEditor\serialize\serialize_map.cpp">
      <Filter>src\serialize</Filter>
    </ClCompile>
    <ClCompile Include="..\..\src\DwarfEditor\serialize\serialize_math.cpp">
      <Filter>src\serialize</Filter>
    </ClCompile>
    <ClCompile Include="..\..\src\DwarfEditor\serialize\serialize_mesh_definition.cpp">
      <Filter>src\serialize</Filter>
    </ClCompile>
    <ClCompile Include="..\..\src\DwarfEditor\application\map_handler.cpp">
      <Filter>src\application</Filter>
    </ClCompile>
    <ClCompile Include="..\..\src\DwarfEditor\selection\face_split_context.cpp">
      <Filter>src\selection</Filter>
    </ClCompile>
    <ClCompile Include="..\..\src\DwarfEditor\menu\about_window.cpp">
      <Filter>src\menu</Filter>
    </ClCompile>
    <ClCompile Include="..\..\src\DwarfEditor\application\basic_mesh_repo.cpp">
      <Filter>src\application</Filter>
    </ClCompile>
    <ClCompile Include="..\..\src\DwarfEditor\action\map_entity.cpp">
      <Filter>src\action</Filter>
    </ClCompile>
    <ClCompile Include="..\..\src\DwarfEditor\action\light.cpp">
      <Filter>src\action</Filter>
    </ClCompile>
  </ItemGroup>
  <ItemGroup>
    <ClInclude Include="..\..\src\DwarfEditor\selection\context.h">
      <Filter>src\selection</Filter>
    </ClInclude>
    <ClInclude Include="..\..\src\DwarfEditor\selection\base_context.h">
      <Filter>src\selection</Filter>
    </ClInclude>
    <ClInclude Include="..\..\src\DwarfEditor\map.h">
      <Filter>src</Filter>
    </ClInclude>
    <ClInclude Include="..\..\src\DwarfEditor\selection\node_context.h">
      <Filter>src\selection</Filter>
    </ClInclude>
    <ClInclude Include="..\..\src\DwarfEditor\datablock.h">
      <Filter>src</Filter>
    </ClInclude>
    <ClInclude Include="..\..\src\DwarfEditor\selection\face_context.h">
      <Filter>src\selection</Filter>
    </ClInclude>
    <ClInclude Include="..\..\src\DwarfEditor\input.h">
      <Filter>src</Filter>
    </ClInclude>
    <ClInclude Include="..\..\src\DwarfEditor\selection\edge_context.h">
      <Filter>src\selection</Filter>
    </ClInclude>
    <ClInclude Include="..\..\src\DwarfEditor\action\brush.h">
      <Filter>src\action</Filter>
    </ClInclude>
    <ClInclude Include="..\..\src\DwarfEditor\action\accumulator.h">
      <Filter>src\action</Filter>
    </ClInclude>
    <ClInclude Include="..\..\src\DwarfEditor\window.h">
      <Filter>src</Filter>
    </ClInclude>
    <ClInclude Include="..\..\src\DwarfEditor\config.h">
      <Filter>src</Filter>
    </ClInclude>
    <ClInclude Include="..\..\src\DwarfEditor\imgui\module.h">
      <Filter>src\imgui</Filter>
    </ClInclude>
    <ClInclude Include="..\..\src\DwarfEditor\imgui\projection.h">
      <Filter>src\imgui</Filter>
    </ClInclude>
    <ClInclude Include="..\..\src\DwarfEditor\imgui\boost\common.h">
      <Filter>src\imgui\boost</Filter>
    </ClInclude>
    <ClInclude Include="..\..\src\DwarfEditor\imgui\boost\matrix_traits.h">
      <Filter>src\imgui\boost</Filter>
    </ClInclude>
    <ClInclude Include="..\..\src\DwarfEditor\imgui\matrix.h">
      <Filter>src\imgui</Filter>
    </ClInclude>
    <ClInclude Include="..\..\src\DwarfEditor\selection\brush_common.h">
      <Filter>src\selection</Filter>
    </ClInclude>
    <ClInclude Include="..\..\src\DwarfEditor\application\application.h">
      <Filter>src\application</Filter>
    </ClInclude>
    <ClInclude Include="..\..\src\DwarfEditor\application\camera_controller.h">
      <Filter>src\application</Filter>
    </ClInclude>
    <ClInclude Include="..\..\src\DwarfEditor\application\mouse_controller.h">
      <Filter>src\application</Filter>
    </ClInclude>
    <ClInclude Include="..\..\src\DwarfEditor\application\action_handler.h">
      <Filter>src\application</Filter>
    </ClInclude>
    <ClInclude Include="..\..\src\DwarfEditor\application\menu.h">
      <Filter>src\application</Filter>
    </ClInclude>
    <ClInclude Include="..\..\src\DwarfEditor\console.h">
      <Filter>src</Filter>
    </ClInclude>
    <ClInclude Include="..\..\src\DwarfEditor\menu\console_window.h">
      <Filter>src\menu</Filter>
    </ClInclude>
    <ClInclude Include="..\..\src\DwarfEditor\action\base.h">
      <Filter>src\action</Filter>
    </ClInclude>
    <ClInclude Include="..\..\src\DwarfEditor\action\base.fwd.h">
      <Filter>src\action</Filter>
    </ClInclude>
    <ClInclude Include="..\..\src\DwarfEditor\map.fwd.h">
      <Filter>src</Filter>
    </ClInclude>
    <ClInclude Include="..\..\src\DwarfEditor\main.h">
      <Filter>src</Filter>
    </ClInclude>
    <ClInclude Include="..\..\src\DwarfEditor\platform\windows\windows_main.h">
      <Filter>src\platform\windows</Filter>
    </ClInclude>
    <ClInclude Include="..\..\src\DwarfEditor\platform\file_dialog.h">
      <Filter>src\platform</Filter>
    </ClInclude>
    <ClInclude Include="..\..\src\DwarfEditor\serialize\serialize_map.h">
      <Filter>src\serialize</Filter>
    </ClInclude>
    <ClInclude Include="..\..\src\DwarfEditor\serialize\serialize_math.h">
      <Filter>src\serialize</Filter>
    </ClInclude>
    <ClInclude Include="..\..\src\DwarfEditor\serialize\serialize_mesh_definition.h">
      <Filter>src\serialize</Filter>
    </ClInclude>
    <ClInclude Include="..\..\src\DwarfEditor\application\map_handler.h">
      <Filter>src\application</Filter>
    </ClInclude>
    <ClInclude Include="..\..\src\DwarfEditor\selection\face_split_context.h">
      <Filter>src\selection</Filter>
    </ClInclude>
    <ClInclude Include="..\..\src\DwarfEditor\menu\about_window.h">
      <Filter>src\menu</Filter>
    </ClInclude>
    <ClInclude Include="..\..\src\DwarfEditor\application\basic_mesh_repo.h">
      <Filter>src\application</Filter>
    </ClInclude>
    <ClInclude Include="..\..\src\DwarfEditor\action\map_entity.h">
      <Filter>src\action</Filter>
    </ClInclude>
    <ClInclude Include="..\..\src\DwarfEditor\action\light.h">
      <Filter>src\action</Filter>
    </ClInclude>
  </ItemGroup>
  <ItemGroup>
    <None Include="packages.config" />
  </ItemGroup>
</Project>